
Microsoft Visual Studio Solution File, Format Version 12.00
# Visual Studio Version 16
VisualStudioVersion = 16.0.31019.35
MinimumVisualStudioVersion = 10.0.40219.1
Project("{FAE04EC0-301F-11D3-BF4B-00C04F79EFBC}") = "ConsoleEShop", "ConsoleEShop.csproj", "{81077290-48E3-44F0-A182-C4CAA9CAA676}"
EndProject
Project("{FAE04EC0-301F-11D3-BF4B-00C04F79EFBC}") = "ConsoleEShop.Tests", "..\ConsoleEShop.Tests\ConsoleEShop.Tests.csproj", "{B9457D0F-E508-40E9-A797-3CA4FE2A5CEC}"
EndProject
Global
	GlobalSection(SolutionConfigurationPlatforms) = preSolution
		Debug|Any CPU = Debug|Any CPU
		Release|Any CPU = Release|Any CPU
	EndGlobalSection
	GlobalSection(ProjectConfigurationPlatforms) = postSolution
		{81077290-48E3-44F0-A182-C4CAA9CAA676}.Debug|Any CPU.ActiveCfg = Debug|Any CPU
		{81077290-48E3-44F0-A182-C4CAA9CAA676}.Debug|Any CPU.Build.0 = Debug|Any CPU
		{81077290-48E3-44F0-A182-C4CAA9CAA676}.Release|Any CPU.ActiveCfg = Release|Any CPU
		{81077290-48E3-44F0-A182-C4CAA9CAA676}.Release|Any CPU.Build.0 = Release|Any CPU
		{B9457D0F-E508-40E9-A797-3CA4FE2A5CEC}.Debug|Any CPU.ActiveCfg = Debug|Any CPU
		{B9457D0F-E508-40E9-A797-3CA4FE2A5CEC}.Debug|Any CPU.Build.0 = Debug|Any CPU
		{B9457D0F-E508-40E9-A797-3CA4FE2A5CEC}.Release|Any CPU.ActiveCfg = Release|Any CPU
		{B9457D0F-E508-40E9-A797-3CA4FE2A5CEC}.Release|Any CPU.Build.0 = Release|Any CPU
	EndGlobalSection
	GlobalSection(SolutionProperties) = preSolution
		HideSolutionNode = FALSE
	EndGlobalSection
	GlobalSection(ExtensibilityGlobals) = postSolution
		SolutionGuid = {2147CD09-E706-42CC-B01C-D02894F41AA0}
	EndGlobalSection
EndGlobal
